// !$*UTF8*$!
{
	archiveVersion = 1;
	classes = {
	};
	objectVersion = 55;
	objects = {

/* Begin PBXBuildFile section */
		3E4CADAD302189124DA3C4F5 /* Pods_Jikan.framework in Frameworks */ = {isa = PBXBuildFile; fileRef = 99213DC04F3E0DE97B384E8E /* Pods_Jikan.framework */; };
		64C0F5EB27D0D5C300EA0A96 /* AppDelegate.m in Sources */ = {isa = PBXBuildFile; fileRef = 64C0F5EA27D0D5C300EA0A96 /* AppDelegate.m */; };
		64C0F5EE27D0D5C300EA0A96 /* SceneDelegate.m in Sources */ = {isa = PBXBuildFile; fileRef = 64C0F5ED27D0D5C300EA0A96 /* SceneDelegate.m */; };
		64C0F5F127D0D5C300EA0A96 /* ViewController.m in Sources */ = {isa = PBXBuildFile; fileRef = 64C0F5F027D0D5C300EA0A96 /* ViewController.m */; };
		64C0F5F427D0D5C300EA0A96 /* Main.storyboard in Resources */ = {isa = PBXBuildFile; fileRef = 64C0F5F227D0D5C300EA0A96 /* Main.storyboard */; };
		64C0F5F627D0D5C500EA0A96 /* Assets.xcassets in Resources */ = {isa = PBXBuildFile; fileRef = 64C0F5F527D0D5C500EA0A96 /* Assets.xcassets */; };
		64C0F5F927D0D5C500EA0A96 /* LaunchScreen.storyboard in Resources */ = {isa = PBXBuildFile; fileRef = 64C0F5F727D0D5C500EA0A96 /* LaunchScreen.storyboard */; };
		64C0F5FC27D0D5C500EA0A96 /* main.m in Sources */ = {isa = PBXBuildFile; fileRef = 64C0F5FB27D0D5C500EA0A96 /* main.m */; };
/* End PBXBuildFile section */

/* Begin PBXFileReference section */
		0C63665DC03CE51F688DBC56 /* Pods-Jikan.debug.xcconfig */ = {isa = PBXFileReference; includeInIndex = 1; lastKnownFileType = text.xcconfig; name = "Pods-Jikan.debug.xcconfig"; path = "Target Support Files/Pods-Jikan/Pods-Jikan.debug.xcconfig"; sourceTree = "<group>"; };
		64C0F5E627D0D5C300EA0A96 /* Jikan.app */ = {isa = PBXFileReference; explicitFileType = wrapper.application; includeInIndex = 0; path = Jikan.app; sourceTree = BUILT_PRODUCTS_DIR; };
		64C0F5E927D0D5C300EA0A96 /* AppDelegate.h */ = {isa = PBXFileReference; lastKnownFileType = sourcecode.c.h; path = AppDelegate.h; sourceTree = "<group>"; };
		64C0F5EA27D0D5C300EA0A96 /* AppDelegate.m */ = {isa = PBXFileReference; lastKnownFileType = sourcecode.c.objc; path = AppDelegate.m; sourceTree = "<group>"; };
		64C0F5EC27D0D5C300EA0A96 /* SceneDelegate.h */ = {isa = PBXFileReference; lastKnownFileType = sourcecode.c.h; path = SceneDelegate.h; sourceTree = "<group>"; };
		64C0F5ED27D0D5C300EA0A96 /* SceneDelegate.m */ = {isa = PBXFileReference; lastKnownFileType = sourcecode.c.objc; path = SceneDelegate.m; sourceTree = "<group>"; };
		64C0F5EF27D0D5C300EA0A96 /* ViewController.h */ = {isa = PBXFileReference; lastKnownFileType = sourcecode.c.h; path = ViewController.h; sourceTree = "<group>"; };
		64C0F5F027D0D5C300EA0A96 /* ViewController.m */ = {isa = PBXFileReference; lastKnownFileType = sourcecode.c.objc; path = ViewController.m; sourceTree = "<group>"; };
		64C0F5F327D0D5C300EA0A96 /* Base */ = {isa = PBXFileReference; lastKnownFileType = file.storyboard; name = Base; path = Base.lproj/Main.storyboard; sourceTree = "<group>"; };
		64C0F5F527D0D5C500EA0A96 /* Assets.xcassets */ = {isa = PBXFileReference; lastKnownFileType = folder.assetcatalog; path = Assets.xcassets; sourceTree = "<group>"; };
		64C0F5F827D0D5C500EA0A96 /* Base */ = {isa = PBXFileReference; lastKnownFileType = file.storyboard; name = Base; path = Base.lproj/LaunchScreen.storyboard; sourceTree = "<group>"; };
		64C0F5FA27D0D5C500EA0A96 /* Info.plist */ = {isa = PBXFileReference; lastKnownFileType = text.plist.xml; path = Info.plist; sourceTree = "<group>"; };
		64C0F5FB27D0D5C500EA0A96 /* main.m */ = {isa = PBXFileReference; lastKnownFileType = sourcecode.c.objc; path = main.m; sourceTree = "<group>"; };
		99213DC04F3E0DE97B384E8E /* Pods_Jikan.framework */ = {isa = PBXFileReference; explicitFileType = wrapper.framework; includeInIndex = 0; path = Pods_Jikan.framework; sourceTree = BUILT_PRODUCTS_DIR; };
		9A12F204E21482009C15EF70 /* Pods-Jikan.release.xcconfig */ = {isa = PBXFileReference; includeInIndex = 1; lastKnownFileType = text.xcconfig; name = "Pods-Jikan.release.xcconfig"; path = "Target Support Files/Pods-Jikan/Pods-Jikan.release.xcconfig"; sourceTree = "<group>"; };
/* End PBXFileReference section */

/* Begin PBXFrameworksBuildPhase section */
		64C0F5E327D0D5C300EA0A96 /* Frameworks */ = {
			isa = PBXFrameworksBuildPhase;
			buildActionMask = 2147483647;
			files = (
				3E4CADAD302189124DA3C4F5 /* Pods_Jikan.framework in Frameworks */,
			);
			runOnlyForDeploymentPostprocessing = 0;
		};
/* End PBXFrameworksBuildPhase section */

/* Begin PBXGroup section */
		56DFFA8ED2B898C38D636D5A /* Pods */ = {
			isa = PBXGroup;
			children = (
				0C63665DC03CE51F688DBC56 /* Pods-Jikan.debug.xcconfig */,
				9A12F204E21482009C15EF70 /* Pods-Jikan.release.xcconfig */,
			);
			name = Pods;
			path = Pods;
			sourceTree = "<group>";
		};
		64C0F5DD27D0D5C300EA0A96 = {
			isa = PBXGroup;
			children = (
				64C0F5E827D0D5C300EA0A96 /* Jikan */,
				64C0F5E727D0D5C300EA0A96 /* Products */,
				56DFFA8ED2B898C38D636D5A /* Pods */,
				C4DBDA51B4B0D9A61D80F94D /* Frameworks */,
			);
			sourceTree = "<group>";
		};
		64C0F5E727D0D5C300EA0A96 /* Products */ = {
			isa = PBXGroup;
			children = (
				64C0F5E627D0D5C300EA0A96 /* Jikan.app */,
			);
			name = Products;
			sourceTree = "<group>";
		};
		64C0F5E827D0D5C300EA0A96 /* Jikan */ = {
			isa = PBXGroup;
			children = (
				64C0F5E927D0D5C300EA0A96 /* AppDelegate.h */,
				64C0F5EA27D0D5C300EA0A96 /* AppDelegate.m */,
				64C0F5EC27D0D5C300EA0A96 /* SceneDelegate.h */,
				64C0F5ED27D0D5C300EA0A96 /* SceneDelegate.m */,
				64C0F5EF27D0D5C300EA0A96 /* ViewController.h */,
				64C0F5F027D0D5C300EA0A96 /* ViewController.m */,
				64C0F5F227D0D5C300EA0A96 /* Main.storyboard */,
				64C0F5F527D0D5C500EA0A96 /* Assets.xcassets */,
				64C0F5F727D0D5C500EA0A96 /* LaunchScreen.storyboard */,
				64C0F5FA27D0D5C500EA0A96 /* Info.plist */,
				64C0F5FB27D0D5C500EA0A96 /* main.m */,
			);
			path = Jikan;
			sourceTree = "<group>";
		};
		C4DBDA51B4B0D9A61D80F94D /* Frameworks */ = {
			isa = PBXGroup;
			children = (
				99213DC04F3E0DE97B384E8E /* Pods_Jikan.framework */,
			);
			name = Frameworks;
			sourceTree = "<group>";
		};
/* End PBXGroup section */

/* Begin PBXNativeTarget section */
		64C0F5E527D0D5C300EA0A96 /* Jikan */ = {
			isa = PBXNativeTarget;
			buildConfigurationList = 64C0F5FF27D0D5C500EA0A96 /* Build configuration list for PBXNativeTarget "Jikan" */;
			buildPhases = (
				1B484A30218BC6F418121CEE /* [CP] Check Pods Manifest.lock */,
				64C0F5E227D0D5C300EA0A96 /* Sources */,
				64C0F5E327D0D5C300EA0A96 /* Frameworks */,
				64C0F5E427D0D5C300EA0A96 /* Resources */,
				0983C758A378BE4BD2186770 /* [CP] Embed Pods Frameworks */,
			);
			buildRules = (
			);
			dependencies = (
			);
			name = Jikan;
			productName = Jikan;
			productReference = 64C0F5E627D0D5C300EA0A96 /* Jikan.app */;
			productType = "com.apple.product-type.application";
		};
/* End PBXNativeTarget section */

/* Begin PBXProject section */
		64C0F5DE27D0D5C300EA0A96 /* Project object */ = {
			isa = PBXProject;
			attributes = {
				BuildIndependentTargetsInParallel = 1;
				LastUpgradeCheck = 1320;
				TargetAttributes = {
					64C0F5E527D0D5C300EA0A96 = {
						CreatedOnToolsVersion = 13.2.1;
					};
				};
			};
			buildConfigurationList = 64C0F5E127D0D5C300EA0A96 /* Build configuration list for PBXProject "Jikan" */;
			compatibilityVersion = "Xcode 13.0";
			developmentRegion = en;
			hasScannedForEncodings = 0;
			knownRegions = (
				en,
				Base,
			);
			mainGroup = 64C0F5DD27D0D5C300EA0A96;
			productRefGroup = 64C0F5E727D0D5C300EA0A96 /* Products */;
			projectDirPath = "";
			projectRoot = "";
			targets = (
				64C0F5E527D0D5C300EA0A96 /* Jikan */,
			);
		};
/* End PBXProject section */

/* Begin PBXResourcesBuildPhase section */
		64C0F5E427D0D5C300EA0A96 /* Resources */ = {
			isa = PBXResourcesBuildPhase;
			buildActionMask = 2147483647;
			files = (
				64C0F5F927D0D5C500EA0A96 /* LaunchScreen.storyboard in Resources */,
				64C0F5F627D0D5C500EA0A96 /* Assets.xcassets in Resources */,
				64C0F5F427D0D5C300EA0A96 /* Main.storyboard in Resources */,
			);
			runOnlyForDeploymentPostprocessing = 0;
		};
/* End PBXResourcesBuildPhase section */

/* Begin PBXShellScriptBuildPhase section */
		0983C758A378BE4BD2186770 /* [CP] Embed Pods Frameworks */ = {
			isa = PBXShellScriptBuildPhase;
			buildActionMask = 2147483647;
			files = (
			);
			inputFileListPaths = (
				"${PODS_ROOT}/Target Support Files/Pods-Jikan/Pods-Jikan-frameworks-${CONFIGURATION}-input-files.xcfilelist",
			);
			name = "[CP] Embed Pods Frameworks";
			outputFileListPaths = (
				"${PODS_ROOT}/Target Support Files/Pods-Jikan/Pods-Jikan-frameworks-${CONFIGURATION}-output-files.xcfilelist",
			);
			runOnlyForDeploymentPostprocessing = 0;
			shellPath = /bin/sh;
			shellScript = "\"${PODS_ROOT}/Target Support Files/Pods-Jikan/Pods-Jikan-frameworks.sh\"\n";
			showEnvVarsInLog = 0;
		};
		1B484A30218BC6F418121CEE /* [CP] Check Pods Manifest.lock */ = {
			isa = PBXShellScriptBuildPhase;
			buildActionMask = 2147483647;
			files = (
			);
			inputFileListPaths = (
			);
			inputPaths = (
				"${PODS_PODFILE_DIR_PATH}/Podfile.lock",
				"${PODS_ROOT}/Manifest.lock",
			);
			name = "[CP] Check Pods Manifest.lock";
			outputFileListPaths = (
			);
			outputPaths = (
				"$(DERIVED_FILE_DIR)/Pods-Jikan-checkManifestLockResult.txt",
			);
			runOnlyForDeploymentPostprocessing = 0;
			shellPath = /bin/sh;
			shellScript = "diff \"${PODS_PODFILE_DIR_PATH}/Podfile.lock\" \"${PODS_ROOT}/Manifest.lock\" > /dev/null\nif [ $? != 0 ] ; then\n    # print error to STDERR\n    echo \"error: The sandbox is not in sync with the Podfile.lock. Run 'pod install' or update your CocoaPods installation.\" >&2\n    exit 1\nfi\n# This output is used by Xcode 'outputs' to avoid re-running this script phase.\necho \"SUCCESS\" > \"${SCRIPT_OUTPUT_FILE_0}\"\n";
			showEnvVarsInLog = 0;
		};
/* End PBXShellScriptBuildPhase section */

/* Begin PBXSourcesBuildPhase section */
		64C0F5E227D0D5C300EA0A96 /* Sources */ = {
			isa = PBXSourcesBuildPhase;
			buildActionMask = 2147483647;
			files = (
				64C0F5F127D0D5C300EA0A96 /* ViewController.m in Sources */,
				64C0F5EB27D0D5C300EA0A96 /* AppDelegate.m in Sources */,
				64C0F5FC27D0D5C500EA0A96 /* main.m in Sources */,
				64C0F5EE27D0D5C300EA0A96 /* SceneDelegate.m in Sources */,
			);
			runOnlyForDeploymentPostprocessing = 0;
		};
/* End PBXSourcesBuildPhase section */

/* Begin PBXVariantGroup section */
		64C0F5F227D0D5C300EA0A96 /* Main.storyboard */ = {
			isa = PBXVariantGroup;
			children = (
				64C0F5F327D0D5C300EA0A96 /* Base */,
			);
			name = Main.storyboard;
			sourceTree = "<group>";
		};
		64C0F5F727D0D5C500EA0A96 /* LaunchScreen.storyboard */ = {
			isa = PBXVariantGroup;
			children = (
				64C0F5F827D0D5C500EA0A96 /* Base */,
			);
			name = LaunchScreen.storyboard;
			sourceTree = "<group>";
		};
/* End PBXVariantGroup section */

/* Begin XCBuildConfiguration section */
		64C0F5FD27D0D5C500EA0A96 /* Debug */ = {
			isa = XCBuildConfiguration;
			buildSettings = {
				ALWAYS_SEARCH_USER_PATHS = NO;
				CLANG_ANALYZER_NONNULL = YES;
				CLANG_ANALYZER_NUMBER_OBJECT_CONVERSION = YES_AGGRESSIVE;
				CLANG_CXX_LANGUAGE_STANDARD = "gnu++17";
				CLANG_CXX_LIBRARY = "libc++";
				CLANG_ENABLE_MODULES = YES;
				CLANG_ENABLE_OBJC_ARC = YES;
				CLANG_ENABLE_OBJC_WEAK = YES;
				CLANG_WARN_BLOCK_CAPTURE_AUTORELEASING = YES;
				CLANG_WARN_BOOL_CONVERSION = YES;
				CLANG_WARN_COMMA = YES;
				CLANG_WARN_CONSTANT_CONVERSION = YES;
				CLANG_WARN_DEPRECATED_OBJC_IMPLEMENTATIONS = YES;
				CLANG_WARN_DIRECT_OBJC_ISA_USAGE = YES_ERROR;
				CLANG_WARN_DOCUMENTATION_COMMENTS = YES;
				CLANG_WARN_EMPTY_BODY = YES;
				CLANG_WARN_ENUM_CONVERSION = YES;
				CLANG_WARN_INFINITE_RECURSION = YES;
				CLANG_WARN_INT_CONVERSION = YES;
				CLANG_WARN_NON_LITERAL_NULL_CONVERSION = YES;
				CLANG_WARN_OBJC_IMPLICIT_RETAIN_SELF = YES;
				CLANG_WARN_OBJC_LITERAL_CONVERSION = YES;
				CLANG_WARN_OBJC_ROOT_CLASS = YES_ERROR;
				CLANG_WARN_QUOTED_INCLUDE_IN_FRAMEWORK_HEADER = YES;
				CLANG_WARN_RANGE_LOOP_ANALYSIS = YES;
				CLANG_WARN_STRICT_PROTOTYPES = YES;
				CLANG_WARN_SUSPICIOUS_MOVE = YES;
				CLANG_WARN_UNGUARDED_AVAILABILITY = YES_AGGRESSIVE;
				CLANG_WARN_UNREACHABLE_CODE = YES;
				CLANG_WARN__DUPLICATE_METHOD_MATCH = YES;
				COPY_PHASE_STRIP = NO;
				DEBUG_INFORMATION_FORMAT = dwarf;
				ENABLE_STRICT_OBJC_MSGSEND = YES;
				ENABLE_TESTABILITY = YES;
				GCC_C_LANGUAGE_STANDARD = gnu11;
				GCC_DYNAMIC_NO_PIC = NO;
				GCC_NO_COMMON_BLOCKS = YES;
				GCC_OPTIMIZATION_LEVEL = 0;
				GCC_PREPROCESSOR_DEFINITIONS = (
					"DEBUG=1",
					"$(inherited)",
				);
				GCC_WARN_64_TO_32_BIT_CONVERSION = YES;
				GCC_WARN_ABOUT_RETURN_TYPE = YES_ERROR;
				GCC_WARN_UNDECLARED_SELECTOR = YES;
				GCC_WARN_UNINITIALIZED_AUTOS = YES_AGGRESSIVE;
				GCC_WARN_UNUSED_FUNCTION = YES;
				GCC_WARN_UNUSED_VARIABLE = YES;
				IPHONEOS_DEPLOYMENT_TARGET = 15.2;
				MTL_ENABLE_DEBUG_INFO = INCLUDE_SOURCE;
				MTL_FAST_MATH = YES;
				ONLY_ACTIVE_ARCH = YES;
				SDKROOT = iphoneos;
			};
			name = Debug;
		};
		64C0F5FE27D0D5C500EA0A96 /* Release */ = {
			isa = XCBuildConfiguration;
			buildSettings = {
				ALWAYS_SEARCH_USER_PATHS = NO;
				CLANG_ANALYZER_NONNULL = YES;
				CLANG_ANALYZER_NUMBER_OBJECT_CONVERSION = YES_AGGRESSIVE;
				CLANG_CXX_LANGUAGE_STANDARD = "gnu++17";
				CLANG_CXX_LIBRARY = "libc++";
				CLANG_ENABLE_MODULES = YES;
				CLANG_ENABLE_OBJC_ARC = YES;
				CLANG_ENABLE_OBJC_WEAK = YES;
				CLANG_WARN_BLOCK_CAPTURE_AUTORELEASING = YES;
				CLANG_WARN_BOOL_CONVERSION = YES;
				CLANG_WARN_COMMA = YES;
				CLANG_WARN_CONSTANT_CONVERSION = YES;
				CLANG_WARN_DEPRECATED_OBJC_IMPLEMENTATIONS = YES;
				CLANG_WARN_DIRECT_OBJC_ISA_USAGE = YES_ERROR;
				CLANG_WARN_DOCUMENTATION_COMMENTS = YES;
				CLANG_WARN_EMPTY_BODY = YES;
				CLANG_WARN_ENUM_CONVERSION = YES;
				CLANG_WARN_INFINITE_RECURSION = YES;
				CLANG_WARN_INT_CONVERSION = YES;
				CLANG_WARN_NON_LITERAL_NULL_CONVERSION = YES;
				CLANG_WARN_OBJC_IMPLICIT_RETAIN_SELF = YES;
				CLANG_WARN_OBJC_LITERAL_CONVERSION = YES;
				CLANG_WARN_OBJC_ROOT_CLASS = YES_ERROR;
				CLANG_WARN_QUOTED_INCLUDE_IN_FRAMEWORK_HEADER = YES;
				CLANG_WARN_RANGE_LOOP_ANALYSIS = YES;
				CLANG_WARN_STRICT_PROTOTYPES = YES;
				CLANG_WARN_SUSPICIOUS_MOVE = YES;
				CLANG_WARN_UNGUARDED_AVAILABILITY = YES_AGGRESSIVE;
				CLANG_WARN_UNREACHABLE_CODE = YES;
				CLANG_WARN__DUPLICATE_METHOD_MATCH = YES;
				COPY_PHASE_STRIP = NO;
				DEBUG_INFORMATION_FORMAT = "dwarf-with-dsym";
				ENABLE_NS_ASSERTIONS = NO;
				ENABLE_STRICT_OBJC_MSGSEND = YES;
				GCC_C_LANGUAGE_STANDARD = gnu11;
				GCC_NO_COMMON_BLOCKS = YES;
				GCC_WARN_64_TO_32_BIT_CONVERSION = YES;
				GCC_WARN_ABOUT_RETURN_TYPE = YES_ERROR;
				GCC_WARN_UNDECLARED_SELECTOR = YES;
				GCC_WARN_UNINITIALIZED_AUTOS = YES_AGGRESSIVE;
				GCC_WARN_UNUSED_FUNCTION = YES;
				GCC_WARN_UNUSED_VARIABLE = YES;
				IPHONEOS_DEPLOYMENT_TARGET = 15.2;
				MTL_ENABLE_DEBUG_INFO = NO;
				MTL_FAST_MATH = YES;
				SDKROOT = iphoneos;
				VALIDATE_PRODUCT = YES;
			};
			name = Release;
		};
		64C0F60027D0D5C500EA0A96 /* Debug */ = {
			isa = XCBuildConfiguration;
			baseConfigurationReference = 0C63665DC03CE51F688DBC56 /* Pods-Jikan.debug.xcconfig */;
			buildSettings = {
				ASSETCATALOG_COMPILER_APPICON_NAME = AppIcon;
				ASSETCATALOG_COMPILER_GLOBAL_ACCENT_COLOR_NAME = AccentColor;
				CODE_SIGN_STYLE = Automatic;
				CURRENT_PROJECT_VERSION = 1;
				DEVELOPMENT_TEAM = Y53W55T72H;
				GENERATE_INFOPLIST_FILE = YES;
				INFOPLIST_FILE = Jikan/Info.plist;
				INFOPLIST_KEY_UIApplicationSupportsIndirectInputEvents = YES;
				INFOPLIST_KEY_UILaunchStoryboardName = LaunchScreen;
				INFOPLIST_KEY_UIMainStoryboardFile = Main;
				INFOPLIST_KEY_UISupportedInterfaceOrientations_iPad = "UIInterfaceOrientationPortrait UIInterfaceOrientationPortraitUpsideDown UIInterfaceOrientationLandscapeLeft UIInterfaceOrientationLandscapeRight";
				INFOPLIST_KEY_UISupportedInterfaceOrientations_iPhone = "UIInterfaceOrientationPortrait UIInterfaceOrientationLandscapeLeft UIInterfaceOrientationLandscapeRight";
				LD_RUNPATH_SEARCH_PATHS = (
					"$(inherited)",
					"@executable_path/Frameworks",
				);
				MARKETING_VERSION = 1.0;
				PRODUCT_BUNDLE_IDENTIFIER = tw.com.markchang.Jikan;
				PRODUCT_NAME = "$(TARGET_NAME)";
				SWIFT_EMIT_LOC_STRINGS = YES;
				TARGETED_DEVICE_FAMILY = "1,2";
			};
			name = Debug;
		};
		64C0F60127D0D5C500EA0A96 /* Release */ = {
			isa = XCBuildConfiguration;
			baseConfigurationReference = 9A12F204E21482009C15EF70 /* Pods-Jikan.release.xcconfig */;
			buildSettings = {
				ASSETCATALOG_COMPILER_APPICON_NAME = AppIcon;
				ASSETCATALOG_COMPILER_GLOBAL_ACCENT_COLOR_NAME = AccentColor;
				CODE_SIGN_STYLE = Automatic;
				CURRENT_PROJECT_VERSION = 1;
				DEVELOPMENT_TEAM = Y53W55T72H;
				GENERATE_INFOPLIST_FILE = YES;
				INFOPLIST_FILE = Jikan/Info.plist;
				INFOPLIST_KEY_UIApplicationSupportsIndirectInputEvents = YES;
				INFOPLIST_KEY_UILaunchStoryboardName = LaunchScreen;
				INFOPLIST_KEY_UIMainStoryboardFile = Main;
				INFOPLIST_KEY_UISupportedInterfaceOrientations_iPad = "UIInterfaceOrientationPortrait UIInterfaceOrientationPortraitUpsideDown UIInterfaceOrientationLandscapeLeft UIInterfaceOrientationLandscapeRight";
				INFOPLIST_KEY_UISupportedInterfaceOrientations_iPhone = "UIInterfaceOrientationPortrait UIInterfaceOrientationLandscapeLeft UIInterfaceOrientationLandscapeRight";
				LD_RUNPATH_SEARCH_PATHS = (
					"$(inherited)",
					"@executable_path/Frameworks",
				);
				MARKETING_VERSION = 1.0;
				PRODUCT_BUNDLE_IDENTIFIER = tw.com.markchang.Jikan;
				PRODUCT_NAME = "$(TARGET_NAME)";
				SWIFT_EMIT_LOC_STRINGS = YES;
				TARGETED_DEVICE_FAMILY = "1,2";
			};
			name = Release;
		};
/* End XCBuildConfiguration section */

/* Begin XCConfigurationList section */
		64C0F5E127D0D5C300EA0A96 /* Build configuration list for PBXProject "Jikan" */ = {
			isa = XCConfigurationList;
			buildConfigurations = (
				64C0F5FD27D0D5C500EA0A96 /* Debug */,
				64C0F5FE27D0D5C500EA0A96 /* Release */,
			);
			defaultConfigurationIsVisible = 0;
			defaultConfigurationName = Release;
		};
		64C0F5FF27D0D5C500EA0A96 /* Build configuration list for PBXNativeTarget "Jikan" */ = {
			isa = XCConfigurationList;
			buildConfigurations = (
				64C0F60027D0D5C500EA0A96 /* Debug */,
				64C0F60127D0D5C500EA0A96 /* Release */,
			);
			defaultConfigurationIsVisible = 0;
			defaultConfigurationName = Release;
		};
/* End XCConfigurationList section */
	};
	rootObject = 64C0F5DE27D0D5C300EA0A96 /* Project object */;
}
